
Microsoft Visual Studio Solution File, Format Version 12.00
# Visual Studio Version 17
VisualStudioVersion = 17.6.33801.468
MinimumVisualStudioVersion = 10.0.40219.1
Project("{9A19103F-16F7-4668-BE54-9A1E7A4F7556}") = "ThreadsProject", "ThreadsProject\ThreadsProject.csproj", "{B5D34B6E-682B-4A76-AE6F-4AC4939D6E37}"
EndProject
Project("{FAE04EC0-301F-11D3-BF4B-00C04F79EFBC}") = "Task6Form", "Task6Form\Task6Form.csproj", "{9E612D4A-6B45-4E72-8B04-07153F409004}"
EndProject
Global
	GlobalSection(SolutionConfigurationPlatforms) = preSolution
		Debug|Any CPU = Debug|Any CPU
		Release|Any CPU = Release|Any CPU
	EndGlobalSection
	GlobalSection(ProjectConfigurationPlatforms) = postSolution
		{B5D34B6E-682B-4A76-AE6F-4AC4939D6E37}.Debug|Any CPU.ActiveCfg = Debug|Any CPU
		{B5D34B6E-682B-4A76-AE6F-4AC4939D6E37}.Debug|Any CPU.Build.0 = Debug|Any CPU
		{B5D34B6E-682B-4A76-AE6F-4AC4939D6E37}.Release|Any CPU.ActiveCfg = Release|Any CPU
		{B5D34B6E-682B-4A76-AE6F-4AC4939D6E37}.Release|Any CPU.Build.0 = Release|Any CPU
		{9E612D4A-6B45-4E72-8B04-07153F409004}.Debug|Any CPU.ActiveCfg = Debug|Any CPU
		{9E612D4A-6B45-4E72-8B04-07153F409004}.Debug|Any CPU.Build.0 = Debug|Any CPU
		{9E612D4A-6B45-4E72-8B04-07153F409004}.Release|Any CPU.ActiveCfg = Release|Any CPU
		{9E612D4A-6B45-4E72-8B04-07153F409004}.Release|Any CPU.Build.0 = Release|Any CPU
	EndGlobalSection
	GlobalSection(SolutionProperties) = preSolution
		HideSolutionNode = FALSE
	EndGlobalSection
	GlobalSection(ExtensibilityGlobals) = postSolution
		SolutionGuid = {FD1CA7D9-6CED-4906-874F-72AF023DBD06}
	EndGlobalSection
EndGlobal
